
Microsoft Visual Studio Solution File, Format Version 12.00
# Visual Studio Version 17
VisualStudioVersion = 17.7.34018.315
MinimumVisualStudioVersion = 10.0.40219.1
Project("{9A19103F-16F7-4668-BE54-9A1E7A4F7556}") = "LibraryLab_Api", "LibraryLab_Api.csproj", "{69119BCB-6449-494A-8A25-8A6E46EE5966}"
EndProject
Project("{FAE04EC0-301F-11D3-BF4B-00C04F79EFBC}") = "LibraryLab_MVC", "..\MVC_Library\LibraryLab_MVC.csproj", "{D69B7BCE-C9C7-4BDA-AEF2-E0BC60663E71}"
EndProject
Global
	GlobalSection(SolutionConfigurationPlatforms) = preSolution
		Debug|Any CPU = Debug|Any CPU
		Release|Any CPU = Release|Any CPU
	EndGlobalSection
	GlobalSection(ProjectConfigurationPlatforms) = postSolution
		{69119BCB-6449-494A-8A25-8A6E46EE5966}.Debug|Any CPU.ActiveCfg = Debug|Any CPU
		{69119BCB-6449-494A-8A25-8A6E46EE5966}.Debug|Any CPU.Build.0 = Debug|Any CPU
		{69119BCB-6449-494A-8A25-8A6E46EE5966}.Release|Any CPU.ActiveCfg = Release|Any CPU
		{69119BCB-6449-494A-8A25-8A6E46EE5966}.Release|Any CPU.Build.0 = Release|Any CPU
		{D69B7BCE-C9C7-4BDA-AEF2-E0BC60663E71}.Debug|Any CPU.ActiveCfg = Debug|Any CPU
		{D69B7BCE-C9C7-4BDA-AEF2-E0BC60663E71}.Debug|Any CPU.Build.0 = Debug|Any CPU
		{D69B7BCE-C9C7-4BDA-AEF2-E0BC60663E71}.Release|Any CPU.ActiveCfg = Release|Any CPU
		{D69B7BCE-C9C7-4BDA-AEF2-E0BC60663E71}.Release|Any CPU.Build.0 = Release|Any CPU
	EndGlobalSection
	GlobalSection(SolutionProperties) = preSolution
		HideSolutionNode = FALSE
	EndGlobalSection
	GlobalSection(ExtensibilityGlobals) = postSolution
		SolutionGuid = {BFA552F5-CF84-4E9E-BBBB-645A5C407FB9}
	EndGlobalSection
EndGlobal
